
Microsoft Visual Studio Solution File, Format Version 12.00
# Visual Studio Version 16
VisualStudioVersion = 16.0.29806.167
MinimumVisualStudioVersion = 10.0.40219.1
Project("{FAE04EC0-301F-11D3-BF4B-00C04F79EFBC}") = "leetcodeinterviewquestions", "leetcodeinterviewquestions.csproj", "{866E48D5-4599-40F6-8DE9-7853FE5AAA3D}"
EndProject
Project("{FAE04EC0-301F-11D3-BF4B-00C04F79EFBC}") = "UnitTests", "..\UnitTests\UnitTests.csproj", "{8E2F0DAF-C923-422F-8A85-6341C5B88E47}"
EndProject
Global
	GlobalSection(SolutionConfigurationPlatforms) = preSolution
		Debug|Any CPU = Debug|Any CPU
		Release|Any CPU = Release|Any CPU
	EndGlobalSection
	GlobalSection(ProjectConfigurationPlatforms) = postSolution
		{866E48D5-4599-40F6-8DE9-7853FE5AAA3D}.Debug|Any CPU.ActiveCfg = Debug|Any CPU
		{866E48D5-4599-40F6-8DE9-7853FE5AAA3D}.Debug|Any CPU.Build.0 = Debug|Any CPU
		{866E48D5-4599-40F6-8DE9-7853FE5AAA3D}.Release|Any CPU.ActiveCfg = Release|Any CPU
		{866E48D5-4599-40F6-8DE9-7853FE5AAA3D}.Release|Any CPU.Build.0 = Release|Any CPU
		{8E2F0DAF-C923-422F-8A85-6341C5B88E47}.Debug|Any CPU.ActiveCfg = Debug|Any CPU
		{8E2F0DAF-C923-422F-8A85-6341C5B88E47}.Debug|Any CPU.Build.0 = Debug|Any CPU
		{8E2F0DAF-C923-422F-8A85-6341C5B88E47}.Release|Any CPU.ActiveCfg = Release|Any CPU
		{8E2F0DAF-C923-422F-8A85-6341C5B88E47}.Release|Any CPU.Build.0 = Release|Any CPU
	EndGlobalSection
	GlobalSection(SolutionProperties) = preSolution
		HideSolutionNode = FALSE
	EndGlobalSection
	GlobalSection(ExtensibilityGlobals) = postSolution
		SolutionGuid = {4A94BB60-5AEA-4800-B5A9-C89C78BCFF3C}
	EndGlobalSection
EndGlobal
